
Microsoft Visual Studio Solution File, Format Version 12.00
# Visual Studio Version 16
VisualStudioVersion = 16.0.28803.452
MinimumVisualStudioVersion = 10.0.40219.1
Project("{888888A0-9F3D-457C-B088-3A5042F75D52}") = "Prosty przykład 2.2", "Prosty przykład 2.2.pyproj", "{FB2600CA-18F2-46DC-A08F-BFC6CDA6F455}"
EndProject
Global
	GlobalSection(SolutionConfigurationPlatforms) = preSolution
		Debug|Any CPU = Debug|Any CPU
		Release|Any CPU = Release|Any CPU
	EndGlobalSection
	GlobalSection(ProjectConfigurationPlatforms) = postSolution
		{FB2600CA-18F2-46DC-A08F-BFC6CDA6F455}.Debug|Any CPU.ActiveCfg = Debug|Any CPU
		{FB2600CA-18F2-46DC-A08F-BFC6CDA6F455}.Release|Any CPU.ActiveCfg = Release|Any CPU
	EndGlobalSection
	GlobalSection(SolutionProperties) = preSolution
		HideSolutionNode = FALSE
	EndGlobalSection
	GlobalSection(ExtensibilityGlobals) = postSolution
		SolutionGuid = {F3CF915C-DC6B-4507-BB42-AC85163F379E}
	EndGlobalSection
EndGlobal
